<Solution>
  <Project Path="PhotonRealtime.csproj" />
  <Project Path="Assembly-CSharp.csproj" />
  <Project Path="Unity.InferenceEngine.csproj" />
  <Project Path="UniTask.csproj" />
  <Project Path="PhotonUnityNetworking.Editor.csproj" />
  <Project Path="PhotonUnityNetworking.csproj" />
  <Project Path="Unity.VisualScripting.Flow.csproj" />
  <Project Path="Unity.Splines.Editor.csproj" />
  <Project Path="Unity.PerformanceTesting.csproj" />
  <Project Path="Unity.Multiplayer.Playmode.Common.Editor.csproj" />
  <Project Path="Unity.Multiplayer.PlayMode.Analytics.Editor.csproj" />
  <Project Path="Unity.TextMeshPro.csproj" />
  <Project Path="UniTask.Linq.csproj" />
  <Project Path="Unity.TextMeshPro.Editor.csproj" />
  <Project Path="Unity.Rendering.LightTransport.Runtime.csproj" />
  <Project Path="PhotonUnityNetworking.Demos.csproj" />
  <Project Path="PrimeTween.Demo.csproj" />
  <Project Path="PhotonUnityNetworking.Utilities.csproj" />
  <Project Path="ALP8310_ControllerGlobal.Editor.csproj" />
  <Project Path="UniTask.TextMeshPro.csproj" />
  <Project Path="Assembly-CSharp-Editor.csproj" />
  <Project Path="PunDemos.DemoHubEditor.csproj" />
  <Project Path="PunDemos.DemoSlotcarEditor.csproj" />
  <Project Path="PhotonChat.csproj" />
  <Project Path="PhotonUnityNetworking.Utilities.PhotonPlayer.Editor.csproj" />
  <Project Path="ALP8310_ControllerGlobal.csproj" />
  <Project Path="Unity.InferenceEngine.Editor.csproj" />
  <Project Path="UniTask.Editor.csproj" />
  <Project Path="Unity.Rendering.LightTransport.Editor.csproj" />
  <Project Path="Unity.InputSystem.DocCodeSamples.csproj" />
  <Project Path="Unity.RenderPipelines.Universal.Shaders.csproj" />
  <Project Path="Unity.RenderPipelines.Core.Runtime.Shared.csproj" />
  <Project Path="PrimeTween.Debug.csproj" />
  <Project Path="Unity.2D.Sprite.AIIntegration.Editor.csproj" />
  <Project Path="Unity.InferenceEngine.MacBLAS.csproj" />
  <Project Path="Unity.AppUI.InternalAPIBridge.csproj" />
  <Project Path="Unity.AppUI.Navigation.Editor.csproj" />
  <Project Path="Unity.Multiplayer.Playmode.Common.Runtime.csproj" />
  <Project Path="Unity.InferenceEngine.iOSBLAS.csproj" />
  <Project Path="Unity.PlasticSCM.Editor.Entities.csproj" />
  <Project Path="UniTask.Addressables.csproj" />
  <Project Path="Unity.Collections.Editor.csproj" />
  <Project Path="PhotonUnityNetworking.Utilities.Culling.Editor.csproj" />
  <Project Path="PrimeTween.Installer.csproj" />
  <Project Path="UniTask.DOTween.csproj" />
  <Project Path="Unity.RenderPipelines.Universal.Config.Runtime.csproj" />
  <Project Path="Unity.RenderPipelines.ShaderGraph.ShaderGraphLibrary.csproj" />
  <Project Path="Unity.RenderPipelines.Core.ShaderLibrary.csproj" />
  <Project Path="Unity.RenderPipelines.Core.Editor.Shared.csproj" />
</Solution>
