<Solution>
  <Project Path="Assembly-CSharp.csproj" />
  <Project Path="PhotonRealtime.csproj" />
  <Project Path="PhotonUnityNetworking.Editor.csproj" />
  <Project Path="PhotonUnityNetworking.csproj" />
  <Project Path="PhotonUnityNetworking.Demos.csproj" />
  <Project Path="ALP8310_ControllerGlobal.csproj" />
  <Project Path="PrimeTween.Demo.csproj" />
  <Project Path="PhotonUnityNetworking.Utilities.csproj" />
  <Project Path="Unity.Multiplayer.Center.Common.csproj" />
  <Project Path="Potan.CoreUtils.Runtime.csproj" />
  <Project Path="Unity.AppUI.Navigation.csproj" />
  <Project Path="Unity.InputSystem.ForUI.csproj" />
  <Project Path="Unity.AI.Navigation.csproj" />
  <Project Path="Unity.Collections.CodeGen.csproj" />
  <Project Path="Unity.Addressables.csproj" />
  <Project Path="Unity.Mathematics.Editor.csproj" />
  <Project Path="Unity.VisualScripting.SettingsProvider.Editor.csproj" />
  <Project Path="UnityEditor.UI.Analytics.csproj" />
  <Project Path="PrimeTween.Runtime.csproj" />
  <Project Path="UniTask.TextMeshPro.csproj" />
  <Project Path="Assembly-CSharp-Editor.csproj" />
  <Project Path="PunDemos.DemoHubEditor.csproj" />
  <Project Path="PunDemos.DemoSlotcarEditor.csproj" />
  <Project Path="PhotonChat.csproj" />
  <Project Path="PhotonUnityNetworking.Utilities.PhotonPlayer.Editor.csproj" />
  <Project Path="PrimeTween.Debug.csproj" />
  <Project Path="ALP8310_ControllerGlobal.Editor.csproj" />
  <Project Path="PhotonUnityNetworking.Utilities.Culling.Editor.csproj" />
  <Project Path="PrimeTween.Installer.csproj" />
</Solution>
